
Microsoft Visual Studio Solution File, Format Version 12.00
# Visual Studio 2012
Project("{FAE04EC0-301F-11D3-BF4B-00C04F79EFBC}") = "ChecksumFiles", "ChecksumFiles.csproj", "{DE5B73C4-8CDC-4739-B327-36E8F172C4DD}"
EndProject
Global
	GlobalSection(TeamFoundationVersionControl) = preSolution
		SccNumberOfProjects = 2
		SccEnterpriseProvider = {4CA58AB2-18FA-4F8D-95D4-32DDF27D184C}
		SccTeamFoundationServer = https://oliverabraham.visualstudio.com/defaultcollection
		SccLocalPath0 = .
		SccProjectUniqueName1 = ChecksumFiles.csproj
		SccLocalPath1 = .
	EndGlobalSection
	GlobalSection(SolutionConfigurationPlatforms) = preSolution
		Debug|x86 = Debug|x86
		Release|x86 = Release|x86
	EndGlobalSection
	GlobalSection(ProjectConfigurationPlatforms) = postSolution
		{DE5B73C4-8CDC-4739-B327-36E8F172C4DD}.Debug|x86.ActiveCfg = Debug|x86
		{DE5B73C4-8CDC-4739-B327-36E8F172C4DD}.Debug|x86.Build.0 = Debug|x86
		{DE5B73C4-8CDC-4739-B327-36E8F172C4DD}.Release|x86.ActiveCfg = Release|x86
		{DE5B73C4-8CDC-4739-B327-36E8F172C4DD}.Release|x86.Build.0 = Release|x86
	EndGlobalSection
	GlobalSection(SolutionProperties) = preSolution
		HideSolutionNode = FALSE
	EndGlobalSection
EndGlobal
